# THIS IS AN AUTOGENERATED FILE. DO NOT EDIT THIS FILE DIRECTLY.
# yarn lockfile v1


toastify-js@^1.6.2:
  version "1.6.2"
  resolved "https://registry.yarnpkg.com/toastify-js/-/toastify-js-1.6.2.tgz#38af35625797d3d3f51fa09851f0bda449271423"
  integrity sha512-ECQzgjTjxaElfwp/8e8qoIYx7U5rU2G54e5aiPMv+UtmGOYEitrtNp/Kr8uMgntnQNrDZEQJNGjBtoNnEgR5EA==
